// !$*UTF8*$!
{
	archiveVersion = 1;
	classes = {
	};
	objectVersion = 56;
	objects = {

/* Begin PBXBuildFile section */
		C62CFFF52A6F09AE00333B32 /* ActionCell.swift in Sources */ = {isa = PBXBuildFile; fileRef = C62CFFF42A6F09AE00333B32 /* ActionCell.swift */; };
		C6A1EEDE2A6880DF008DC072 /* AppDelegate.swift in Sources */ = {isa = PBXBuildFile; fileRef = C6A1EEDD2A6880DF008DC072 /* AppDelegate.swift */; };
		C6A1EEE02A6880DF008DC072 /* SceneDelegate.swift in Sources */ = {isa = PBXBuildFile; fileRef = C6A1EEDF2A6880DF008DC072 /* SceneDelegate.swift */; };
		C6A1EEE52A6880DF008DC072 /* Main.storyboard in Resources */ = {isa = PBXBuildFile; fileRef = C6A1EEE32A6880DF008DC072 /* Main.storyboard */; };
		C6A1EEE72A6880E0008DC072 /* Assets.xcassets in Resources */ = {isa = PBXBuildFile; fileRef = C6A1EEE62A6880E0008DC072 /* Assets.xcassets */; };
		C6A1EEEA2A6880E0008DC072 /* LaunchScreen.storyboard in Resources */ = {isa = PBXBuildFile; fileRef = C6A1EEE82A6880E0008DC072 /* LaunchScreen.storyboard */; };
		C6A1EEF22A688ACA008DC072 /* SpaceX.swift in Sources */ = {isa = PBXBuildFile; fileRef = C6A1EEF12A688ACA008DC072 /* SpaceX.swift */; };
		C6A1EEF42A6DC020008DC072 /* NetworkMenager .swift in Sources */ = {isa = PBXBuildFile; fileRef = C6A1EEF32A6DC020008DC072 /* NetworkMenager .swift */; };
		C6A1EEF62A6DC83D008DC072 /* LaunchViewController.swift in Sources */ = {isa = PBXBuildFile; fileRef = C6A1EEF52A6DC83D008DC072 /* LaunchViewController.swift */; };
		C6A1EEF82A6DC879008DC072 /* InfoViewController.swift in Sources */ = {isa = PBXBuildFile; fileRef = C6A1EEF72A6DC879008DC072 /* InfoViewController.swift */; };
		C6A1EEFA2A6DC8D6008DC072 /* ComandViewController.swift in Sources */ = {isa = PBXBuildFile; fileRef = C6A1EEF92A6DC8D6008DC072 /* ComandViewController.swift */; };
		C6A1EF042A6E8BF4008DC072 /* Extension + VC.swift in Sources */ = {isa = PBXBuildFile; fileRef = C6A1EF032A6E8BF4008DC072 /* Extension + VC.swift */; };
		C6A1EF072A6F024B008DC072 /* CollectionViewController.swift in Sources */ = {isa = PBXBuildFile; fileRef = C6A1EF062A6F024B008DC072 /* CollectionViewController.swift */; };
/* End PBXBuildFile section */

/* Begin PBXFileReference section */
		C62CFFF42A6F09AE00333B32 /* ActionCell.swift */ = {isa = PBXFileReference; lastKnownFileType = sourcecode.swift; path = ActionCell.swift; sourceTree = "<group>"; };
		C6A1EEDA2A6880DF008DC072 /* HW Lesson 3.2.app */ = {isa = PBXFileReference; explicitFileType = wrapper.application; includeInIndex = 0; path = "HW Lesson 3.2.app"; sourceTree = BUILT_PRODUCTS_DIR; };
		C6A1EEDD2A6880DF008DC072 /* AppDelegate.swift */ = {isa = PBXFileReference; lastKnownFileType = sourcecode.swift; path = AppDelegate.swift; sourceTree = "<group>"; };
		C6A1EEDF2A6880DF008DC072 /* SceneDelegate.swift */ = {isa = PBXFileReference; lastKnownFileType = sourcecode.swift; path = SceneDelegate.swift; sourceTree = "<group>"; };
		C6A1EEE42A6880DF008DC072 /* Base */ = {isa = PBXFileReference; lastKnownFileType = file.storyboard; name = Base; path = Base.lproj/Main.storyboard; sourceTree = "<group>"; };
		C6A1EEE62A6880E0008DC072 /* Assets.xcassets */ = {isa = PBXFileReference; lastKnownFileType = folder.assetcatalog; path = Assets.xcassets; sourceTree = "<group>"; };
		C6A1EEE92A6880E0008DC072 /* Base */ = {isa = PBXFileReference; lastKnownFileType = file.storyboard; name = Base; path = Base.lproj/LaunchScreen.storyboard; sourceTree = "<group>"; };
		C6A1EEEB2A6880E0008DC072 /* Info.plist */ = {isa = PBXFileReference; lastKnownFileType = text.plist.xml; path = Info.plist; sourceTree = "<group>"; };
		C6A1EEF12A688ACA008DC072 /* SpaceX.swift */ = {isa = PBXFileReference; lastKnownFileType = sourcecode.swift; path = SpaceX.swift; sourceTree = "<group>"; };
		C6A1EEF32A6DC020008DC072 /* NetworkMenager .swift */ = {isa = PBXFileReference; lastKnownFileType = sourcecode.swift; path = "NetworkMenager .swift"; sourceTree = "<group>"; };
		C6A1EEF52A6DC83D008DC072 /* LaunchViewController.swift */ = {isa = PBXFileReference; lastKnownFileType = sourcecode.swift; path = LaunchViewController.swift; sourceTree = "<group>"; };
		C6A1EEF72A6DC879008DC072 /* InfoViewController.swift */ = {isa = PBXFileReference; lastKnownFileType = sourcecode.swift; path = InfoViewController.swift; sourceTree = "<group>"; };
		C6A1EEF92A6DC8D6008DC072 /* ComandViewController.swift */ = {isa = PBXFileReference; lastKnownFileType = sourcecode.swift; path = ComandViewController.swift; sourceTree = "<group>"; };
		C6A1EF032A6E8BF4008DC072 /* Extension + VC.swift */ = {isa = PBXFileReference; lastKnownFileType = sourcecode.swift; path = "Extension + VC.swift"; sourceTree = "<group>"; };
		C6A1EF062A6F024B008DC072 /* CollectionViewController.swift */ = {isa = PBXFileReference; lastKnownFileType = sourcecode.swift; path = CollectionViewController.swift; sourceTree = "<group>"; };
/* End PBXFileReference section */

/* Begin PBXFrameworksBuildPhase section */
		C6A1EED72A6880DF008DC072 /* Frameworks */ = {
			isa = PBXFrameworksBuildPhase;
			buildActionMask = 2147483647;
			files = (
			);
			runOnlyForDeploymentPostprocessing = 0;
		};
/* End PBXFrameworksBuildPhase section */

/* Begin PBXGroup section */
		C62CFFF62A6F09B300333B32 /* Views */ = {
			isa = PBXGroup;
			children = (
				C62CFFF42A6F09AE00333B32 /* ActionCell.swift */,
			);
			path = Views;
			sourceTree = "<group>";
		};
		C6A1EED12A6880DF008DC072 = {
			isa = PBXGroup;
			children = (
				C6A1EEDC2A6880DF008DC072 /* HW Lesson 3.2 */,
				C6A1EEDB2A6880DF008DC072 /* Products */,
			);
			sourceTree = "<group>";
		};
		C6A1EEDB2A6880DF008DC072 /* Products */ = {
			isa = PBXGroup;
			children = (
				C6A1EEDA2A6880DF008DC072 /* HW Lesson 3.2.app */,
			);
			name = Products;
			sourceTree = "<group>";
		};
		C6A1EEDC2A6880DF008DC072 /* HW Lesson 3.2 */ = {
			isa = PBXGroup;
			children = (
				C6A1EEFF2A6DC925008DC072 /* App */,
				C6A1EEFC2A6DC8EF008DC072 /* ViewControllers */,
				C62CFFF62A6F09B300333B32 /* Views */,
				C6A1EF052A6E8C00008DC072 /* Extensions */,
				C6A1EEFD2A6DC90E008DC072 /* Models */,
				C6A1EEFE2A6DC917008DC072 /* Services */,
				C6A1EF002A6DC957008DC072 /* Storiboards */,
				C6A1EEEB2A6880E0008DC072 /* Info.plist */,
				C6A1EEE62A6880E0008DC072 /* Assets.xcassets */,
			);
			path = "HW Lesson 3.2";
			sourceTree = "<group>";
		};
		C6A1EEFC2A6DC8EF008DC072 /* ViewControllers */ = {
			isa = PBXGroup;
			children = (
				C6A1EF062A6F024B008DC072 /* CollectionViewController.swift */,
				C6A1EEF52A6DC83D008DC072 /* LaunchViewController.swift */,
				C6A1EEF72A6DC879008DC072 /* InfoViewController.swift */,
				C6A1EEF92A6DC8D6008DC072 /* ComandViewController.swift */,
			);
			path = ViewControllers;
			sourceTree = "<group>";
		};
		C6A1EEFD2A6DC90E008DC072 /* Models */ = {
			isa = PBXGroup;
			children = (
				C6A1EEF12A688ACA008DC072 /* SpaceX.swift */,
			);
			path = Models;
			sourceTree = "<group>";
		};
		C6A1EEFE2A6DC917008DC072 /* Services */ = {
			isa = PBXGroup;
			children = (
				C6A1EEF32A6DC020008DC072 /* NetworkMenager .swift */,
			);
			path = Services;
			sourceTree = "<group>";
		};
		C6A1EEFF2A6DC925008DC072 /* App */ = {
			isa = PBXGroup;
			children = (
				C6A1EEDF2A6880DF008DC072 /* SceneDelegate.swift */,
				C6A1EEDD2A6880DF008DC072 /* AppDelegate.swift */,
			);
			path = App;
			sourceTree = "<group>";
		};
		C6A1EF002A6DC957008DC072 /* Storiboards */ = {
			isa = PBXGroup;
			children = (
				C6A1EEE32A6880DF008DC072 /* Main.storyboard */,
				C6A1EEE82A6880E0008DC072 /* LaunchScreen.storyboard */,
			);
			path = Storiboards;
			sourceTree = "<group>";
		};
		C6A1EF052A6E8C00008DC072 /* Extensions */ = {
			isa = PBXGroup;
			children = (
				C6A1EF032A6E8BF4008DC072 /* Extension + VC.swift */,
			);
			path = Extensions;
			sourceTree = "<group>";
		};
/* End PBXGroup section */

/* Begin PBXNativeTarget section */
		C6A1EED92A6880DF008DC072 /* HW Lesson 3.2 */ = {
			isa = PBXNativeTarget;
			buildConfigurationList = C6A1EEEE2A6880E0008DC072 /* Build configuration list for PBXNativeTarget "HW Lesson 3.2" */;
			buildPhases = (
				C6A1EED62A6880DF008DC072 /* Sources */,
				C6A1EED72A6880DF008DC072 /* Frameworks */,
				C6A1EED82A6880DF008DC072 /* Resources */,
			);
			buildRules = (
			);
			dependencies = (
			);
			name = "HW Lesson 3.2";
			productName = "HW Lesson 3.2";
			productReference = C6A1EEDA2A6880DF008DC072 /* HW Lesson 3.2.app */;
			productType = "com.apple.product-type.application";
		};
/* End PBXNativeTarget section */

/* Begin PBXProject section */
		C6A1EED22A6880DF008DC072 /* Project object */ = {
			isa = PBXProject;
			attributes = {
				BuildIndependentTargetsInParallel = 1;
				LastSwiftUpdateCheck = 1430;
				LastUpgradeCheck = 1430;
				TargetAttributes = {
					C6A1EED92A6880DF008DC072 = {
						CreatedOnToolsVersion = 14.3.1;
					};
				};
			};
			buildConfigurationList = C6A1EED52A6880DF008DC072 /* Build configuration list for PBXProject "HW Lesson 3.2" */;
			compatibilityVersion = "Xcode 14.0";
			developmentRegion = en;
			hasScannedForEncodings = 0;
			knownRegions = (
				en,
				Base,
			);
			mainGroup = C6A1EED12A6880DF008DC072;
			productRefGroup = C6A1EEDB2A6880DF008DC072 /* Products */;
			projectDirPath = "";
			projectRoot = "";
			targets = (
				C6A1EED92A6880DF008DC072 /* HW Lesson 3.2 */,
			);
		};
/* End PBXProject section */

/* Begin PBXResourcesBuildPhase section */
		C6A1EED82A6880DF008DC072 /* Resources */ = {
			isa = PBXResourcesBuildPhase;
			buildActionMask = 2147483647;
			files = (
				C6A1EEEA2A6880E0008DC072 /* LaunchScreen.storyboard in Resources */,
				C6A1EEE72A6880E0008DC072 /* Assets.xcassets in Resources */,
				C6A1EEE52A6880DF008DC072 /* Main.storyboard in Resources */,
			);
			runOnlyForDeploymentPostprocessing = 0;
		};
/* End PBXResourcesBuildPhase section */

/* Begin PBXSourcesBuildPhase section */
		C6A1EED62A6880DF008DC072 /* Sources */ = {
			isa = PBXSourcesBuildPhase;
			buildActionMask = 2147483647;
			files = (
				C6A1EF072A6F024B008DC072 /* CollectionViewController.swift in Sources */,
				C62CFFF52A6F09AE00333B32 /* ActionCell.swift in Sources */,
				C6A1EEF42A6DC020008DC072 /* NetworkMenager .swift in Sources */,
				C6A1EF042A6E8BF4008DC072 /* Extension + VC.swift in Sources */,
				C6A1EEF62A6DC83D008DC072 /* LaunchViewController.swift in Sources */,
				C6A1EEF82A6DC879008DC072 /* InfoViewController.swift in Sources */,
				C6A1EEDE2A6880DF008DC072 /* AppDelegate.swift in Sources */,
				C6A1EEE02A6880DF008DC072 /* SceneDelegate.swift in Sources */,
				C6A1EEFA2A6DC8D6008DC072 /* ComandViewController.swift in Sources */,
				C6A1EEF22A688ACA008DC072 /* SpaceX.swift in Sources */,
			);
			runOnlyForDeploymentPostprocessing = 0;
		};
/* End PBXSourcesBuildPhase section */

/* Begin PBXVariantGroup section */
		C6A1EEE32A6880DF008DC072 /* Main.storyboard */ = {
			isa = PBXVariantGroup;
			children = (
				C6A1EEE42A6880DF008DC072 /* Base */,
			);
			name = Main.storyboard;
			sourceTree = "<group>";
		};
		C6A1EEE82A6880E0008DC072 /* LaunchScreen.storyboard */ = {
			isa = PBXVariantGroup;
			children = (
				C6A1EEE92A6880E0008DC072 /* Base */,
			);
			name = LaunchScreen.storyboard;
			sourceTree = "<group>";
		};
/* End PBXVariantGroup section */

/* Begin XCBuildConfiguration section */
		C6A1EEEC2A6880E0008DC072 /* Debug */ = {
			isa = XCBuildConfiguration;
			buildSettings = {
				ALWAYS_SEARCH_USER_PATHS = NO;
				CLANG_ANALYZER_NONNULL = YES;
				CLANG_ANALYZER_NUMBER_OBJECT_CONVERSION = YES_AGGRESSIVE;
				CLANG_CXX_LANGUAGE_STANDARD = "gnu++20";
				CLANG_ENABLE_MODULES = YES;
				CLANG_ENABLE_OBJC_ARC = YES;
				CLANG_ENABLE_OBJC_WEAK = YES;
				CLANG_WARN_BLOCK_CAPTURE_AUTORELEASING = YES;
				CLANG_WARN_BOOL_CONVERSION = YES;
				CLANG_WARN_COMMA = YES;
				CLANG_WARN_CONSTANT_CONVERSION = YES;
				CLANG_WARN_DEPRECATED_OBJC_IMPLEMENTATIONS = YES;
				CLANG_WARN_DIRECT_OBJC_ISA_USAGE = YES_ERROR;
				CLANG_WARN_DOCUMENTATION_COMMENTS = YES;
				CLANG_WARN_EMPTY_BODY = YES;
				CLANG_WARN_ENUM_CONVERSION = YES;
				CLANG_WARN_INFINITE_RECURSION = YES;
				CLANG_WARN_INT_CONVERSION = YES;
				CLANG_WARN_NON_LITERAL_NULL_CONVERSION = YES;
				CLANG_WARN_OBJC_IMPLICIT_RETAIN_SELF = YES;
				CLANG_WARN_OBJC_LITERAL_CONVERSION = YES;
				CLANG_WARN_OBJC_ROOT_CLASS = YES_ERROR;
				CLANG_WARN_QUOTED_INCLUDE_IN_FRAMEWORK_HEADER = YES;
				CLANG_WARN_RANGE_LOOP_ANALYSIS = YES;
				CLANG_WARN_STRICT_PROTOTYPES = YES;
				CLANG_WARN_SUSPICIOUS_MOVE = YES;
				CLANG_WARN_UNGUARDED_AVAILABILITY = YES_AGGRESSIVE;
				CLANG_WARN_UNREACHABLE_CODE = YES;
				CLANG_WARN__DUPLICATE_METHOD_MATCH = YES;
				COPY_PHASE_STRIP = NO;
				DEBUG_INFORMATION_FORMAT = dwarf;
				ENABLE_STRICT_OBJC_MSGSEND = YES;
				ENABLE_TESTABILITY = YES;
				GCC_C_LANGUAGE_STANDARD = gnu11;
				GCC_DYNAMIC_NO_PIC = NO;
				GCC_NO_COMMON_BLOCKS = YES;
				GCC_OPTIMIZATION_LEVEL = 0;
				GCC_PREPROCESSOR_DEFINITIONS = (
					"DEBUG=1",
					"$(inherited)",
				);
				GCC_WARN_64_TO_32_BIT_CONVERSION = YES;
				GCC_WARN_ABOUT_RETURN_TYPE = YES_ERROR;
				GCC_WARN_UNDECLARED_SELECTOR = YES;
				GCC_WARN_UNINITIALIZED_AUTOS = YES_AGGRESSIVE;
				GCC_WARN_UNUSED_FUNCTION = YES;
				GCC_WARN_UNUSED_VARIABLE = YES;
				IPHONEOS_DEPLOYMENT_TARGET = 16.4;
				MTL_ENABLE_DEBUG_INFO = INCLUDE_SOURCE;
				MTL_FAST_MATH = YES;
				ONLY_ACTIVE_ARCH = YES;
				SDKROOT = iphoneos;
				SWIFT_ACTIVE_COMPILATION_CONDITIONS = DEBUG;
				SWIFT_OPTIMIZATION_LEVEL = "-Onone";
			};
			name = Debug;
		};
		C6A1EEED2A6880E0008DC072 /* Release */ = {
			isa = XCBuildConfiguration;
			buildSettings = {
				ALWAYS_SEARCH_USER_PATHS = NO;
				CLANG_ANALYZER_NONNULL = YES;
				CLANG_ANALYZER_NUMBER_OBJECT_CONVERSION = YES_AGGRESSIVE;
				CLANG_CXX_LANGUAGE_STANDARD = "gnu++20";
				CLANG_ENABLE_MODULES = YES;
				CLANG_ENABLE_OBJC_ARC = YES;
				CLANG_ENABLE_OBJC_WEAK = YES;
				CLANG_WARN_BLOCK_CAPTURE_AUTORELEASING = YES;
				CLANG_WARN_BOOL_CONVERSION = YES;
				CLANG_WARN_COMMA = YES;
				CLANG_WARN_CONSTANT_CONVERSION = YES;
				CLANG_WARN_DEPRECATED_OBJC_IMPLEMENTATIONS = YES;
				CLANG_WARN_DIRECT_OBJC_ISA_USAGE = YES_ERROR;
				CLANG_WARN_DOCUMENTATION_COMMENTS = YES;
				CLANG_WARN_EMPTY_BODY = YES;
				CLANG_WARN_ENUM_CONVERSION = YES;
				CLANG_WARN_INFINITE_RECURSION = YES;
				CLANG_WARN_INT_CONVERSION = YES;
				CLANG_WARN_NON_LITERAL_NULL_CONVERSION = YES;
				CLANG_WARN_OBJC_IMPLICIT_RETAIN_SELF = YES;
				CLANG_WARN_OBJC_LITERAL_CONVERSION = YES;
				CLANG_WARN_OBJC_ROOT_CLASS = YES_ERROR;
				CLANG_WARN_QUOTED_INCLUDE_IN_FRAMEWORK_HEADER = YES;
				CLANG_WARN_RANGE_LOOP_ANALYSIS = YES;
				CLANG_WARN_STRICT_PROTOTYPES = YES;
				CLANG_WARN_SUSPICIOUS_MOVE = YES;
				CLANG_WARN_UNGUARDED_AVAILABILITY = YES_AGGRESSIVE;
				CLANG_WARN_UNREACHABLE_CODE = YES;
				CLANG_WARN__DUPLICATE_METHOD_MATCH = YES;
				COPY_PHASE_STRIP = NO;
				DEBUG_INFORMATION_FORMAT = "dwarf-with-dsym";
				ENABLE_NS_ASSERTIONS = NO;
				ENABLE_STRICT_OBJC_MSGSEND = YES;
				GCC_C_LANGUAGE_STANDARD = gnu11;
				GCC_NO_COMMON_BLOCKS = YES;
				GCC_WARN_64_TO_32_BIT_CONVERSION = YES;
				GCC_WARN_ABOUT_RETURN_TYPE = YES_ERROR;
				GCC_WARN_UNDECLARED_SELECTOR = YES;
				GCC_WARN_UNINITIALIZED_AUTOS = YES_AGGRESSIVE;
				GCC_WARN_UNUSED_FUNCTION = YES;
				GCC_WARN_UNUSED_VARIABLE = YES;
				IPHONEOS_DEPLOYMENT_TARGET = 16.4;
				MTL_ENABLE_DEBUG_INFO = NO;
				MTL_FAST_MATH = YES;
				SDKROOT = iphoneos;
				SWIFT_COMPILATION_MODE = wholemodule;
				SWIFT_OPTIMIZATION_LEVEL = "-O";
				VALIDATE_PRODUCT = YES;
			};
			name = Release;
		};
		C6A1EEEF2A6880E0008DC072 /* Debug */ = {
			isa = XCBuildConfiguration;
			buildSettings = {
				ASSETCATALOG_COMPILER_APPICON_NAME = AppIcon;
				ASSETCATALOG_COMPILER_GLOBAL_ACCENT_COLOR_NAME = AccentColor;
				CODE_SIGN_STYLE = Automatic;
				CURRENT_PROJECT_VERSION = 1;
				DEVELOPMENT_TEAM = DRYCV5GTMX;
				GENERATE_INFOPLIST_FILE = YES;
				INFOPLIST_FILE = "HW Lesson 3.2/Info.plist";
				INFOPLIST_KEY_UIApplicationSupportsIndirectInputEvents = YES;
				INFOPLIST_KEY_UILaunchStoryboardName = LaunchScreen;
				INFOPLIST_KEY_UIMainStoryboardFile = Main;
				INFOPLIST_KEY_UISupportedInterfaceOrientations = UIInterfaceOrientationPortrait;
				INFOPLIST_KEY_UISupportedInterfaceOrientations_iPad = "UIInterfaceOrientationLandscapeLeft UIInterfaceOrientationLandscapeRight UIInterfaceOrientationPortrait UIInterfaceOrientationPortraitUpsideDown";
				IPHONEOS_DEPLOYMENT_TARGET = 16.0;
				LD_RUNPATH_SEARCH_PATHS = (
					"$(inherited)",
					"@executable_path/Frameworks",
				);
				MARKETING_VERSION = 1.0;
				PRODUCT_BUNDLE_IDENTIFIER = "com.liza.Ex.HW-Lesson-3-2";
				PRODUCT_NAME = "$(TARGET_NAME)";
				SUPPORTED_PLATFORMS = "iphoneos iphonesimulator";
				SUPPORTS_MACCATALYST = NO;
				SUPPORTS_MAC_DESIGNED_FOR_IPHONE_IPAD = NO;
				SWIFT_EMIT_LOC_STRINGS = YES;
				SWIFT_VERSION = 5.0;
				TARGETED_DEVICE_FAMILY = 1;
			};
			name = Debug;
		};
		C6A1EEF02A6880E0008DC072 /* Release */ = {
			isa = XCBuildConfiguration;
			buildSettings = {
				ASSETCATALOG_COMPILER_APPICON_NAME = AppIcon;
				ASSETCATALOG_COMPILER_GLOBAL_ACCENT_COLOR_NAME = AccentColor;
				CODE_SIGN_STYLE = Automatic;
				CURRENT_PROJECT_VERSION = 1;
				DEVELOPMENT_TEAM = DRYCV5GTMX;
				GENERATE_INFOPLIST_FILE = YES;
				INFOPLIST_FILE = "HW Lesson 3.2/Info.plist";
				INFOPLIST_KEY_UIApplicationSupportsIndirectInputEvents = YES;
				INFOPLIST_KEY_UILaunchStoryboardName = LaunchScreen;
				INFOPLIST_KEY_UIMainStoryboardFile = Main;
				INFOPLIST_KEY_UISupportedInterfaceOrientations = UIInterfaceOrientationPortrait;
				INFOPLIST_KEY_UISupportedInterfaceOrientations_iPad = "UIInterfaceOrientationLandscapeLeft UIInterfaceOrientationLandscapeRight UIInterfaceOrientationPortrait UIInterfaceOrientationPortraitUpsideDown";
				IPHONEOS_DEPLOYMENT_TARGET = 16.0;
				LD_RUNPATH_SEARCH_PATHS = (
					"$(inherited)",
					"@executable_path/Frameworks",
				);
				MARKETING_VERSION = 1.0;
				PRODUCT_BUNDLE_IDENTIFIER = "com.liza.Ex.HW-Lesson-3-2";
				PRODUCT_NAME = "$(TARGET_NAME)";
				SUPPORTED_PLATFORMS = "iphoneos iphonesimulator";
				SUPPORTS_MACCATALYST = NO;
				SUPPORTS_MAC_DESIGNED_FOR_IPHONE_IPAD = NO;
				SWIFT_EMIT_LOC_STRINGS = YES;
				SWIFT_VERSION = 5.0;
				TARGETED_DEVICE_FAMILY = 1;
			};
			name = Release;
		};
/* End XCBuildConfiguration section */

/* Begin XCConfigurationList section */
		C6A1EED52A6880DF008DC072 /* Build configuration list for PBXProject "HW Lesson 3.2" */ = {
			isa = XCConfigurationList;
			buildConfigurations = (
				C6A1EEEC2A6880E0008DC072 /* Debug */,
				C6A1EEED2A6880E0008DC072 /* Release */,
			);
			defaultConfigurationIsVisible = 0;
			defaultConfigurationName = Release;
		};
		C6A1EEEE2A6880E0008DC072 /* Build configuration list for PBXNativeTarget "HW Lesson 3.2" */ = {
			isa = XCConfigurationList;
			buildConfigurations = (
				C6A1EEEF2A6880E0008DC072 /* Debug */,
				C6A1EEF02A6880E0008DC072 /* Release */,
			);
			defaultConfigurationIsVisible = 0;
			defaultConfigurationName = Release;
		};
/* End XCConfigurationList section */
	};
	rootObject = C6A1EED22A6880DF008DC072 /* Project object */;
}
